
Microsoft Visual Studio Solution File, Format Version 12.00
# Visual Studio Version 17
VisualStudioVersion = 17.11.35219.272
MinimumVisualStudioVersion = 10.0.40219.1
Project("{FAE04EC0-301F-11D3-BF4B-00C04F79EFBC}") = "CRN_Assesment", "CRN_Assesment\CRN_Assesment.csproj", "{315B61BF-E2D1-44F8-A33E-B580D85C2965}"
EndProject
Global
	GlobalSection(SolutionConfigurationPlatforms) = preSolution
		Debug|Any CPU = Debug|Any CPU
		Release|Any CPU = Release|Any CPU
	EndGlobalSection
	GlobalSection(ProjectConfigurationPlatforms) = postSolution
		{315B61BF-E2D1-44F8-A33E-B580D85C2965}.Debug|Any CPU.ActiveCfg = Debug|Any CPU
		{315B61BF-E2D1-44F8-A33E-B580D85C2965}.Debug|Any CPU.Build.0 = Debug|Any CPU
		{315B61BF-E2D1-44F8-A33E-B580D85C2965}.Release|Any CPU.ActiveCfg = Release|Any CPU
		{315B61BF-E2D1-44F8-A33E-B580D85C2965}.Release|Any CPU.Build.0 = Release|Any CPU
	EndGlobalSection
	GlobalSection(SolutionProperties) = preSolution
		HideSolutionNode = FALSE
	EndGlobalSection
	GlobalSection(ExtensibilityGlobals) = postSolution
		SolutionGuid = {4B307672-1C78-4847-AA89-C76A8DA44879}
	EndGlobalSection
EndGlobal
